
Microsoft Visual Studio Solution File, Format Version 12.00
# Visual Studio 15
VisualStudioVersion = 15.0.26124.0
MinimumVisualStudioVersion = 15.0.26124.0
Project("{FAE04EC0-301F-11D3-BF4B-00C04F79EFBC}") = "Domain", "Api.Domain\Domain.csproj", "{FA277EF1-D3FB-4EC9-8DE3-1117753D1D0A}"
EndProject
Project("{FAE04EC0-301F-11D3-BF4B-00C04F79EFBC}") = "CrossCutting", "Api.CrossCutting\CrossCutting.csproj", "{C5CE9E9F-AEE6-4F12-8A34-A48CC5C7DDFF}"
EndProject
Project("{FAE04EC0-301F-11D3-BF4B-00C04F79EFBC}") = "application", "Api.Application\application.csproj", "{1E1AE76B-FAF4-4129-81DD-B698C45E1101}"
EndProject
Project("{FAE04EC0-301F-11D3-BF4B-00C04F79EFBC}") = "Data", "Api.Data\Data.csproj", "{D2A64A3A-4383-499A-9341-7C4ADE5F4FA1}"
EndProject
Project("{FAE04EC0-301F-11D3-BF4B-00C04F79EFBC}") = "Service", "Api.Service\Service.csproj", "{FABCFE1C-579C-4362-BA12-2AD8CF0E919A}"
EndProject
Global
	GlobalSection(SolutionConfigurationPlatforms) = preSolution
		Debug|Any CPU = Debug|Any CPU
		Debug|x64 = Debug|x64
		Debug|x86 = Debug|x86
		Release|Any CPU = Release|Any CPU
		Release|x64 = Release|x64
		Release|x86 = Release|x86
	EndGlobalSection
	GlobalSection(SolutionProperties) = preSolution
		HideSolutionNode = FALSE
	EndGlobalSection
	GlobalSection(ProjectConfigurationPlatforms) = postSolution
		{FA277EF1-D3FB-4EC9-8DE3-1117753D1D0A}.Debug|Any CPU.ActiveCfg = Debug|Any CPU
		{FA277EF1-D3FB-4EC9-8DE3-1117753D1D0A}.Debug|Any CPU.Build.0 = Debug|Any CPU
		{FA277EF1-D3FB-4EC9-8DE3-1117753D1D0A}.Debug|x64.ActiveCfg = Debug|Any CPU
		{FA277EF1-D3FB-4EC9-8DE3-1117753D1D0A}.Debug|x64.Build.0 = Debug|Any CPU
		{FA277EF1-D3FB-4EC9-8DE3-1117753D1D0A}.Debug|x86.ActiveCfg = Debug|Any CPU
		{FA277EF1-D3FB-4EC9-8DE3-1117753D1D0A}.Debug|x86.Build.0 = Debug|Any CPU
		{FA277EF1-D3FB-4EC9-8DE3-1117753D1D0A}.Release|Any CPU.ActiveCfg = Release|Any CPU
		{FA277EF1-D3FB-4EC9-8DE3-1117753D1D0A}.Release|Any CPU.Build.0 = Release|Any CPU
		{FA277EF1-D3FB-4EC9-8DE3-1117753D1D0A}.Release|x64.ActiveCfg = Release|Any CPU
		{FA277EF1-D3FB-4EC9-8DE3-1117753D1D0A}.Release|x64.Build.0 = Release|Any CPU
		{FA277EF1-D3FB-4EC9-8DE3-1117753D1D0A}.Release|x86.ActiveCfg = Release|Any CPU
		{FA277EF1-D3FB-4EC9-8DE3-1117753D1D0A}.Release|x86.Build.0 = Release|Any CPU
		{C5CE9E9F-AEE6-4F12-8A34-A48CC5C7DDFF}.Debug|Any CPU.ActiveCfg = Debug|Any CPU
		{C5CE9E9F-AEE6-4F12-8A34-A48CC5C7DDFF}.Debug|Any CPU.Build.0 = Debug|Any CPU
		{C5CE9E9F-AEE6-4F12-8A34-A48CC5C7DDFF}.Debug|x64.ActiveCfg = Debug|Any CPU
		{C5CE9E9F-AEE6-4F12-8A34-A48CC5C7DDFF}.Debug|x64.Build.0 = Debug|Any CPU
		{C5CE9E9F-AEE6-4F12-8A34-A48CC5C7DDFF}.Debug|x86.ActiveCfg = Debug|Any CPU
		{C5CE9E9F-AEE6-4F12-8A34-A48CC5C7DDFF}.Debug|x86.Build.0 = Debug|Any CPU
		{C5CE9E9F-AEE6-4F12-8A34-A48CC5C7DDFF}.Release|Any CPU.ActiveCfg = Release|Any CPU
		{C5CE9E9F-AEE6-4F12-8A34-A48CC5C7DDFF}.Release|Any CPU.Build.0 = Release|Any CPU
		{C5CE9E9F-AEE6-4F12-8A34-A48CC5C7DDFF}.Release|x64.ActiveCfg = Release|Any CPU
		{C5CE9E9F-AEE6-4F12-8A34-A48CC5C7DDFF}.Release|x64.Build.0 = Release|Any CPU
		{C5CE9E9F-AEE6-4F12-8A34-A48CC5C7DDFF}.Release|x86.ActiveCfg = Release|Any CPU
		{C5CE9E9F-AEE6-4F12-8A34-A48CC5C7DDFF}.Release|x86.Build.0 = Release|Any CPU
		{1E1AE76B-FAF4-4129-81DD-B698C45E1101}.Debug|Any CPU.ActiveCfg = Debug|Any CPU
		{1E1AE76B-FAF4-4129-81DD-B698C45E1101}.Debug|Any CPU.Build.0 = Debug|Any CPU
		{1E1AE76B-FAF4-4129-81DD-B698C45E1101}.Debug|x64.ActiveCfg = Debug|Any CPU
		{1E1AE76B-FAF4-4129-81DD-B698C45E1101}.Debug|x64.Build.0 = Debug|Any CPU
		{1E1AE76B-FAF4-4129-81DD-B698C45E1101}.Debug|x86.ActiveCfg = Debug|Any CPU
		{1E1AE76B-FAF4-4129-81DD-B698C45E1101}.Debug|x86.Build.0 = Debug|Any CPU
		{1E1AE76B-FAF4-4129-81DD-B698C45E1101}.Release|Any CPU.ActiveCfg = Release|Any CPU
		{1E1AE76B-FAF4-4129-81DD-B698C45E1101}.Release|Any CPU.Build.0 = Release|Any CPU
		{1E1AE76B-FAF4-4129-81DD-B698C45E1101}.Release|x64.ActiveCfg = Release|Any CPU
		{1E1AE76B-FAF4-4129-81DD-B698C45E1101}.Release|x64.Build.0 = Release|Any CPU
		{1E1AE76B-FAF4-4129-81DD-B698C45E1101}.Release|x86.ActiveCfg = Release|Any CPU
		{1E1AE76B-FAF4-4129-81DD-B698C45E1101}.Release|x86.Build.0 = Release|Any CPU
		{D2A64A3A-4383-499A-9341-7C4ADE5F4FA1}.Debug|Any CPU.ActiveCfg = Debug|Any CPU
		{D2A64A3A-4383-499A-9341-7C4ADE5F4FA1}.Debug|Any CPU.Build.0 = Debug|Any CPU
		{D2A64A3A-4383-499A-9341-7C4ADE5F4FA1}.Debug|x64.ActiveCfg = Debug|Any CPU
		{D2A64A3A-4383-499A-9341-7C4ADE5F4FA1}.Debug|x64.Build.0 = Debug|Any CPU
		{D2A64A3A-4383-499A-9341-7C4ADE5F4FA1}.Debug|x86.ActiveCfg = Debug|Any CPU
		{D2A64A3A-4383-499A-9341-7C4ADE5F4FA1}.Debug|x86.Build.0 = Debug|Any CPU
		{D2A64A3A-4383-499A-9341-7C4ADE5F4FA1}.Release|Any CPU.ActiveCfg = Release|Any CPU
		{D2A64A3A-4383-499A-9341-7C4ADE5F4FA1}.Release|Any CPU.Build.0 = Release|Any CPU
		{D2A64A3A-4383-499A-9341-7C4ADE5F4FA1}.Release|x64.ActiveCfg = Release|Any CPU
		{D2A64A3A-4383-499A-9341-7C4ADE5F4FA1}.Release|x64.Build.0 = Release|Any CPU
		{D2A64A3A-4383-499A-9341-7C4ADE5F4FA1}.Release|x86.ActiveCfg = Release|Any CPU
		{D2A64A3A-4383-499A-9341-7C4ADE5F4FA1}.Release|x86.Build.0 = Release|Any CPU
		{FABCFE1C-579C-4362-BA12-2AD8CF0E919A}.Debug|Any CPU.ActiveCfg = Debug|Any CPU
		{FABCFE1C-579C-4362-BA12-2AD8CF0E919A}.Debug|Any CPU.Build.0 = Debug|Any CPU
		{FABCFE1C-579C-4362-BA12-2AD8CF0E919A}.Debug|x64.ActiveCfg = Debug|Any CPU
		{FABCFE1C-579C-4362-BA12-2AD8CF0E919A}.Debug|x64.Build.0 = Debug|Any CPU
		{FABCFE1C-579C-4362-BA12-2AD8CF0E919A}.Debug|x86.ActiveCfg = Debug|Any CPU
		{FABCFE1C-579C-4362-BA12-2AD8CF0E919A}.Debug|x86.Build.0 = Debug|Any CPU
		{FABCFE1C-579C-4362-BA12-2AD8CF0E919A}.Release|Any CPU.ActiveCfg = Release|Any CPU
		{FABCFE1C-579C-4362-BA12-2AD8CF0E919A}.Release|Any CPU.Build.0 = Release|Any CPU
		{FABCFE1C-579C-4362-BA12-2AD8CF0E919A}.Release|x64.ActiveCfg = Release|Any CPU
		{FABCFE1C-579C-4362-BA12-2AD8CF0E919A}.Release|x64.Build.0 = Release|Any CPU
		{FABCFE1C-579C-4362-BA12-2AD8CF0E919A}.Release|x86.ActiveCfg = Release|Any CPU
		{FABCFE1C-579C-4362-BA12-2AD8CF0E919A}.Release|x86.Build.0 = Release|Any CPU
	EndGlobalSection
EndGlobal
